
Microsoft Visual Studio Solution File, Format Version 12.00
# Visual Studio Version 17
VisualStudioVersion = 17.9.34728.123
MinimumVisualStudioVersion = 10.0.40219.1
Project("{9A19103F-16F7-4668-BE54-9A1E7A4F7556}") = "PlaylistInterface", "PlaylistInterface.csproj", "{A8EC4B98-65A3-4B1F-AB72-346C9E545DC8}"
EndProject
Global
	GlobalSection(SolutionConfigurationPlatforms) = preSolution
		Debug|Any CPU = Debug|Any CPU
		Release|Any CPU = Release|Any CPU
	EndGlobalSection
	GlobalSection(ProjectConfigurationPlatforms) = postSolution
		{A8EC4B98-65A3-4B1F-AB72-346C9E545DC8}.Debug|Any CPU.ActiveCfg = Debug|Any CPU
		{A8EC4B98-65A3-4B1F-AB72-346C9E545DC8}.Debug|Any CPU.Build.0 = Debug|Any CPU
		{A8EC4B98-65A3-4B1F-AB72-346C9E545DC8}.Release|Any CPU.ActiveCfg = Release|Any CPU
		{A8EC4B98-65A3-4B1F-AB72-346C9E545DC8}.Release|Any CPU.Build.0 = Release|Any CPU
	EndGlobalSection
	GlobalSection(SolutionProperties) = preSolution
		HideSolutionNode = FALSE
	EndGlobalSection
	GlobalSection(ExtensibilityGlobals) = postSolution
		SolutionGuid = {0703DD9F-AE0A-407C-8E73-FDAFA2E552D4}
	EndGlobalSection
EndGlobal
